
Microsoft Visual Studio Solution File, Format Version 12.00
# Visual Studio Version 17
VisualStudioVersion = 17.13.35825.156 d17.13
MinimumVisualStudioVersion = 10.0.40219.1
Project("{FAE04EC0-301F-11D3-BF4B-00C04F79EFBC}") = "practica 2 do", "practica 2 do\practica 2 do.csproj", "{951C2CAE-B8E3-4408-A13A-CA66EE4CD0BA}"
EndProject
Global
	GlobalSection(SolutionConfigurationPlatforms) = preSolution
		Debug|Any CPU = Debug|Any CPU
		Release|Any CPU = Release|Any CPU
	EndGlobalSection
	GlobalSection(ProjectConfigurationPlatforms) = postSolution
		{951C2CAE-B8E3-4408-A13A-CA66EE4CD0BA}.Debug|Any CPU.ActiveCfg = Debug|Any CPU
		{951C2CAE-B8E3-4408-A13A-CA66EE4CD0BA}.Debug|Any CPU.Build.0 = Debug|Any CPU
		{951C2CAE-B8E3-4408-A13A-CA66EE4CD0BA}.Release|Any CPU.ActiveCfg = Release|Any CPU
		{951C2CAE-B8E3-4408-A13A-CA66EE4CD0BA}.Release|Any CPU.Build.0 = Release|Any CPU
	EndGlobalSection
	GlobalSection(SolutionProperties) = preSolution
		HideSolutionNode = FALSE
	EndGlobalSection
	GlobalSection(ExtensibilityGlobals) = postSolution
		SolutionGuid = {2A30CE0C-8C09-4ABD-B039-1E88CF2D8C1C}
	EndGlobalSection
EndGlobal
