
Microsoft Visual Studio Solution File, Format Version 12.00
# Visual Studio Version 17
VisualStudioVersion = 17.13.35825.156 d17.13
MinimumVisualStudioVersion = 10.0.40219.1
Project("{FAE04EC0-301F-11D3-BF4B-00C04F79EFBC}") = "PRACTICA 14", "PRACTICA 14\PRACTICA 14.csproj", "{B0FAA828-EED9-4BAA-9335-591794EC64A0}"
EndProject
Global
	GlobalSection(SolutionConfigurationPlatforms) = preSolution
		Debug|Any CPU = Debug|Any CPU
		Release|Any CPU = Release|Any CPU
	EndGlobalSection
	GlobalSection(ProjectConfigurationPlatforms) = postSolution
		{B0FAA828-EED9-4BAA-9335-591794EC64A0}.Debug|Any CPU.ActiveCfg = Debug|Any CPU
		{B0FAA828-EED9-4BAA-9335-591794EC64A0}.Debug|Any CPU.Build.0 = Debug|Any CPU
		{B0FAA828-EED9-4BAA-9335-591794EC64A0}.Release|Any CPU.ActiveCfg = Release|Any CPU
		{B0FAA828-EED9-4BAA-9335-591794EC64A0}.Release|Any CPU.Build.0 = Release|Any CPU
	EndGlobalSection
	GlobalSection(SolutionProperties) = preSolution
		HideSolutionNode = FALSE
	EndGlobalSection
	GlobalSection(ExtensibilityGlobals) = postSolution
		SolutionGuid = {783861B9-0862-444D-8143-E2859C29A460}
	EndGlobalSection
EndGlobal
