
Microsoft Visual Studio Solution File, Format Version 12.00
# Visual Studio Version 17
VisualStudioVersion = 17.13.35825.156 d17.13
MinimumVisualStudioVersion = 10.0.40219.1
Project("{FAE04EC0-301F-11D3-BF4B-00C04F79EFBC}") = "practica 6 do", "practica 6 do\practica 6 do.csproj", "{47AF65E2-14EB-4A93-9F76-97CAFD76FAF8}"
EndProject
Global
	GlobalSection(SolutionConfigurationPlatforms) = preSolution
		Debug|Any CPU = Debug|Any CPU
		Release|Any CPU = Release|Any CPU
	EndGlobalSection
	GlobalSection(ProjectConfigurationPlatforms) = postSolution
		{47AF65E2-14EB-4A93-9F76-97CAFD76FAF8}.Debug|Any CPU.ActiveCfg = Debug|Any CPU
		{47AF65E2-14EB-4A93-9F76-97CAFD76FAF8}.Debug|Any CPU.Build.0 = Debug|Any CPU
		{47AF65E2-14EB-4A93-9F76-97CAFD76FAF8}.Release|Any CPU.ActiveCfg = Release|Any CPU
		{47AF65E2-14EB-4A93-9F76-97CAFD76FAF8}.Release|Any CPU.Build.0 = Release|Any CPU
	EndGlobalSection
	GlobalSection(SolutionProperties) = preSolution
		HideSolutionNode = FALSE
	EndGlobalSection
	GlobalSection(ExtensibilityGlobals) = postSolution
		SolutionGuid = {3A5D1CBA-C1AC-42C9-BE64-E35F1982FEAA}
	EndGlobalSection
EndGlobal
