
Microsoft Visual Studio Solution File, Format Version 12.00
# Visual Studio Version 17
VisualStudioVersion = 17.13.35825.156 d17.13
MinimumVisualStudioVersion = 10.0.40219.1
Project("{FAE04EC0-301F-11D3-BF4B-00C04F79EFBC}") = "pract do 1", "pract do 1\pract do 1.csproj", "{03C806A4-3035-4B49-82F3-4D18693049B9}"
EndProject
Global
	GlobalSection(SolutionConfigurationPlatforms) = preSolution
		Debug|Any CPU = Debug|Any CPU
		Release|Any CPU = Release|Any CPU
	EndGlobalSection
	GlobalSection(ProjectConfigurationPlatforms) = postSolution
		{03C806A4-3035-4B49-82F3-4D18693049B9}.Debug|Any CPU.ActiveCfg = Debug|Any CPU
		{03C806A4-3035-4B49-82F3-4D18693049B9}.Debug|Any CPU.Build.0 = Debug|Any CPU
		{03C806A4-3035-4B49-82F3-4D18693049B9}.Release|Any CPU.ActiveCfg = Release|Any CPU
		{03C806A4-3035-4B49-82F3-4D18693049B9}.Release|Any CPU.Build.0 = Release|Any CPU
	EndGlobalSection
	GlobalSection(SolutionProperties) = preSolution
		HideSolutionNode = FALSE
	EndGlobalSection
	GlobalSection(ExtensibilityGlobals) = postSolution
		SolutionGuid = {A34A095A-0838-4111-9EEE-10D7C041D04E}
	EndGlobalSection
EndGlobal
