
Microsoft Visual Studio Solution File, Format Version 12.00
# Visual Studio Version 17
VisualStudioVersion = 17.13.35825.156 d17.13
MinimumVisualStudioVersion = 10.0.40219.1
Project("{FAE04EC0-301F-11D3-BF4B-00C04F79EFBC}") = "practica3", "practica3\practica3.csproj", "{B2635C40-F043-47E8-9CCF-E1468DE7F20F}"
EndProject
Global
	GlobalSection(SolutionConfigurationPlatforms) = preSolution
		Debug|Any CPU = Debug|Any CPU
		Release|Any CPU = Release|Any CPU
	EndGlobalSection
	GlobalSection(ProjectConfigurationPlatforms) = postSolution
		{B2635C40-F043-47E8-9CCF-E1468DE7F20F}.Debug|Any CPU.ActiveCfg = Debug|Any CPU
		{B2635C40-F043-47E8-9CCF-E1468DE7F20F}.Debug|Any CPU.Build.0 = Debug|Any CPU
		{B2635C40-F043-47E8-9CCF-E1468DE7F20F}.Release|Any CPU.ActiveCfg = Release|Any CPU
		{B2635C40-F043-47E8-9CCF-E1468DE7F20F}.Release|Any CPU.Build.0 = Release|Any CPU
	EndGlobalSection
	GlobalSection(SolutionProperties) = preSolution
		HideSolutionNode = FALSE
	EndGlobalSection
	GlobalSection(ExtensibilityGlobals) = postSolution
		SolutionGuid = {319CAA4A-E726-4B2D-B36F-82E5D48FC6B3}
	EndGlobalSection
EndGlobal
