
Microsoft Visual Studio Solution File, Format Version 12.00
# Visual Studio Version 17
VisualStudioVersion = 17.13.35825.156 d17.13
MinimumVisualStudioVersion = 10.0.40219.1
Project("{FAE04EC0-301F-11D3-BF4B-00C04F79EFBC}") = "practica 10 do", "practica 10 do\practica 10 do.csproj", "{27AC96D7-1115-4432-A20F-E5BE7818E25E}"
EndProject
Global
	GlobalSection(SolutionConfigurationPlatforms) = preSolution
		Debug|Any CPU = Debug|Any CPU
		Release|Any CPU = Release|Any CPU
	EndGlobalSection
	GlobalSection(ProjectConfigurationPlatforms) = postSolution
		{27AC96D7-1115-4432-A20F-E5BE7818E25E}.Debug|Any CPU.ActiveCfg = Debug|Any CPU
		{27AC96D7-1115-4432-A20F-E5BE7818E25E}.Debug|Any CPU.Build.0 = Debug|Any CPU
		{27AC96D7-1115-4432-A20F-E5BE7818E25E}.Release|Any CPU.ActiveCfg = Release|Any CPU
		{27AC96D7-1115-4432-A20F-E5BE7818E25E}.Release|Any CPU.Build.0 = Release|Any CPU
	EndGlobalSection
	GlobalSection(SolutionProperties) = preSolution
		HideSolutionNode = FALSE
	EndGlobalSection
	GlobalSection(ExtensibilityGlobals) = postSolution
		SolutionGuid = {57C49AF2-2132-4B2F-B8D0-FABF573838D7}
	EndGlobalSection
EndGlobal
