
Microsoft Visual Studio Solution File, Format Version 12.00
# Visual Studio Version 17
VisualStudioVersion = 17.13.35825.156 d17.13
MinimumVisualStudioVersion = 10.0.40219.1
Project("{FAE04EC0-301F-11D3-BF4B-00C04F79EFBC}") = "practica12", "practica12\practica12.csproj", "{66D5C4D6-92D4-44B8-A687-62FF4B321DAE}"
EndProject
Global
	GlobalSection(SolutionConfigurationPlatforms) = preSolution
		Debug|Any CPU = Debug|Any CPU
		Release|Any CPU = Release|Any CPU
	EndGlobalSection
	GlobalSection(ProjectConfigurationPlatforms) = postSolution
		{66D5C4D6-92D4-44B8-A687-62FF4B321DAE}.Debug|Any CPU.ActiveCfg = Debug|Any CPU
		{66D5C4D6-92D4-44B8-A687-62FF4B321DAE}.Debug|Any CPU.Build.0 = Debug|Any CPU
		{66D5C4D6-92D4-44B8-A687-62FF4B321DAE}.Release|Any CPU.ActiveCfg = Release|Any CPU
		{66D5C4D6-92D4-44B8-A687-62FF4B321DAE}.Release|Any CPU.Build.0 = Release|Any CPU
	EndGlobalSection
	GlobalSection(SolutionProperties) = preSolution
		HideSolutionNode = FALSE
	EndGlobalSection
	GlobalSection(ExtensibilityGlobals) = postSolution
		SolutionGuid = {57C8677A-F0A6-4CAC-BB91-BF48EE41A264}
	EndGlobalSection
EndGlobal
