
Microsoft Visual Studio Solution File, Format Version 12.00
# Visual Studio Version 17
VisualStudioVersion = 17.13.35825.156 d17.13
MinimumVisualStudioVersion = 10.0.40219.1
Project("{FAE04EC0-301F-11D3-BF4B-00C04F79EFBC}") = "practica 17", "practica 17\practica 17.csproj", "{9B4697D9-964C-4727-AA63-1A8B1EBDAB2B}"
EndProject
Global
	GlobalSection(SolutionConfigurationPlatforms) = preSolution
		Debug|Any CPU = Debug|Any CPU
		Release|Any CPU = Release|Any CPU
	EndGlobalSection
	GlobalSection(ProjectConfigurationPlatforms) = postSolution
		{9B4697D9-964C-4727-AA63-1A8B1EBDAB2B}.Debug|Any CPU.ActiveCfg = Debug|Any CPU
		{9B4697D9-964C-4727-AA63-1A8B1EBDAB2B}.Debug|Any CPU.Build.0 = Debug|Any CPU
		{9B4697D9-964C-4727-AA63-1A8B1EBDAB2B}.Release|Any CPU.ActiveCfg = Release|Any CPU
		{9B4697D9-964C-4727-AA63-1A8B1EBDAB2B}.Release|Any CPU.Build.0 = Release|Any CPU
	EndGlobalSection
	GlobalSection(SolutionProperties) = preSolution
		HideSolutionNode = FALSE
	EndGlobalSection
	GlobalSection(ExtensibilityGlobals) = postSolution
		SolutionGuid = {110F2034-29A1-4244-B681-48E5B0E041E7}
	EndGlobalSection
EndGlobal
